{
  "name": "shopworx",
  "requires": true,
  "lockfileVersion": 1,
  "dependencies": {
    "husky": {
      "version": "5.0.1",
      "resolved": "https://registry.npmjs.org/husky/-/husky-5.0.1.tgz",
      "integrity": "sha512-ZNfMqtluHyMaW795l1jOLGOGSFAyZ6JC8jZj1QkagBmfuxrSFKX+Wrbb9gR+OD8iNJb8JNDpaMtCpE5XnLdHMw==",
      "dev": true
    }
  }
}
